
Microsoft Visual Studio Solution File, Format Version 12.00
# Visual Studio Version 17
VisualStudioVersion = 17.10.34916.146
MinimumVisualStudioVersion = 10.0.40219.1
Project("{9A19103F-16F7-4668-BE54-9A1E7A4F7556}") = "ConsoleApp4", "ConsoleApp4\ConsoleApp4.csproj", "{B9562585-9E6F-4213-8FAD-970B1EB225CC}"
EndProject
Project("{FAE04EC0-301F-11D3-BF4B-00C04F79EFBC}") = "MinhaBiblioteca", "MinhaBiblioteca\MinhaBiblioteca.csproj", "{F19EBA91-01E9-469C-8784-05252ECF8433}"
EndProject
Global
	GlobalSection(SolutionConfigurationPlatforms) = preSolution
		Debug|Any CPU = Debug|Any CPU
		Release|Any CPU = Release|Any CPU
	EndGlobalSection
	GlobalSection(ProjectConfigurationPlatforms) = postSolution
		{B9562585-9E6F-4213-8FAD-970B1EB225CC}.Debug|Any CPU.ActiveCfg = Debug|Any CPU
		{B9562585-9E6F-4213-8FAD-970B1EB225CC}.Debug|Any CPU.Build.0 = Debug|Any CPU
		{B9562585-9E6F-4213-8FAD-970B1EB225CC}.Release|Any CPU.ActiveCfg = Release|Any CPU
		{B9562585-9E6F-4213-8FAD-970B1EB225CC}.Release|Any CPU.Build.0 = Release|Any CPU
		{F19EBA91-01E9-469C-8784-05252ECF8433}.Debug|Any CPU.ActiveCfg = Debug|Any CPU
		{F19EBA91-01E9-469C-8784-05252ECF8433}.Debug|Any CPU.Build.0 = Debug|Any CPU
		{F19EBA91-01E9-469C-8784-05252ECF8433}.Release|Any CPU.ActiveCfg = Release|Any CPU
		{F19EBA91-01E9-469C-8784-05252ECF8433}.Release|Any CPU.Build.0 = Release|Any CPU
	EndGlobalSection
	GlobalSection(SolutionProperties) = preSolution
		HideSolutionNode = FALSE
	EndGlobalSection
	GlobalSection(ExtensibilityGlobals) = postSolution
		SolutionGuid = {9370BF5C-DDCD-4114-B73D-3BCF90F83AAC}
	EndGlobalSection
EndGlobal
